
Microsoft Visual Studio Solution File, Format Version 12.00
# Visual Studio Version 17
VisualStudioVersion = 17.7.34018.315
MinimumVisualStudioVersion = 10.0.40219.1
Project("{2150E333-8FDC-42A3-9474-1A3956D46DE8}") = "N67", "N67", "{602B35E7-0EDD-4377-850F-C330334ECF1B}"
EndProject
Project("{2150E333-8FDC-42A3-9474-1A3956D46DE8}") = "N62", "N62", "{4D88C460-BB82-4EB6-B2C1-CDAB6DA96E5C}"
EndProject
Project("{9A19103F-16F7-4668-BE54-9A1E7A4F7556}") = "AuthController.Api", "AuthController.Api\AuthController.Api.csproj", "{34CB1802-7182-4C5C-BA15-3AEA96142C90}"
EndProject
Project("{2150E333-8FDC-42A3-9474-1A3956D46DE8}") = "N63", "N63", "{210E7657-F4C9-46CC-9A64-8FE511BA79F7}"
EndProject
Project("{9A19103F-16F7-4668-BE54-9A1E7A4F7556}") = "FileUpload.Api", "FileUpload.Api\FileUpload.Api.csproj", "{D70FDC40-7CA7-4FD6-9797-F30AA7816E98}"
EndProject
Project("{9A19103F-16F7-4668-BE54-9A1E7A4F7556}") = "EduCourse.Api", "EduCourse.Api\EduCourse.Api.csproj", "{6C97F0AD-017D-4BAB-9EF4-B391F61623E2}"
EndProject
Project("{9A19103F-16F7-4668-BE54-9A1E7A4F7556}") = "EduCourse.Domain", "EduCourse.Domain\EduCourse.Domain.csproj", "{167465C8-9416-4D48-B0C9-42A34C3527AA}"
EndProject
Project("{9A19103F-16F7-4668-BE54-9A1E7A4F7556}") = "EduCourse.Persistence", "EduCourse.Service\EduCourse.Persistence.csproj", "{D39F12C7-1FDD-4084-BC77-1057FE255612}"
EndProject
Project("{9A19103F-16F7-4668-BE54-9A1E7A4F7556}") = "EduCourse.Infrastructure", "EduCourse.Data\EduCourse.Infrastructure.csproj", "{BDA585FE-BD37-4A97-BCF6-135C140DB765}"
EndProject
Project("{2150E333-8FDC-42A3-9474-1A3956D46DE8}") = "N66", "N66", "{2DA4821B-F701-4FB4-82BF-77F83A2A16B5}"
EndProject
Project("{9A19103F-16F7-4668-BE54-9A1E7A4F7556}") = "Library.Api", "Library.Api\Library.Api.csproj", "{FFC8C320-CA53-4110-BF2C-0D9957069999}"
EndProject
Project("{9A19103F-16F7-4668-BE54-9A1E7A4F7556}") = "Library.Aplication", "Library.Aplication\Library.Aplication.csproj", "{9B1D76C7-0A57-455C-8293-B4571F91508D}"
EndProject
Project("{9A19103F-16F7-4668-BE54-9A1E7A4F7556}") = "Library.Infrastructure", "Library.Infrastructure\Library.Infrastructure.csproj", "{B6959D92-F5A9-4764-A68B-E5D38D3253BE}"
EndProject
Project("{9A19103F-16F7-4668-BE54-9A1E7A4F7556}") = "Library.Domain", "Library.Domain\Library.Domain.csproj", "{4646588D-EF28-457B-88AE-BCEE82CE53FA}"
EndProject
Project("{9A19103F-16F7-4668-BE54-9A1E7A4F7556}") = "Library.Persistence", "Library.Persistence\Library.Persistence.csproj", "{829A6EC4-F4A3-4A79-BA0F-97DD3CC8F94C}"
EndProject
Project("{2150E333-8FDC-42A3-9474-1A3956D46DE8}") = "N65", "N65", "{99B164EC-ED8D-4424-9F21-6110CCC21058}"
EndProject
Project("{FAE04EC0-301F-11D3-BF4B-00C04F79EFBC}") = "EduCourse.Application", "EduCourse.Application\EduCourse.Application.csproj", "{E20C8941-C5DC-4DDE-810C-B24CC97CC5D4}"
EndProject
Global
	GlobalSection(SolutionConfigurationPlatforms) = preSolution
		Debug|Any CPU = Debug|Any CPU
		Release|Any CPU = Release|Any CPU
	EndGlobalSection
	GlobalSection(ProjectConfigurationPlatforms) = postSolution
		{34CB1802-7182-4C5C-BA15-3AEA96142C90}.Debug|Any CPU.ActiveCfg = Debug|Any CPU
		{34CB1802-7182-4C5C-BA15-3AEA96142C90}.Debug|Any CPU.Build.0 = Debug|Any CPU
		{34CB1802-7182-4C5C-BA15-3AEA96142C90}.Release|Any CPU.ActiveCfg = Release|Any CPU
		{34CB1802-7182-4C5C-BA15-3AEA96142C90}.Release|Any CPU.Build.0 = Release|Any CPU
		{D70FDC40-7CA7-4FD6-9797-F30AA7816E98}.Debug|Any CPU.ActiveCfg = Debug|Any CPU
		{D70FDC40-7CA7-4FD6-9797-F30AA7816E98}.Debug|Any CPU.Build.0 = Debug|Any CPU
		{D70FDC40-7CA7-4FD6-9797-F30AA7816E98}.Release|Any CPU.ActiveCfg = Release|Any CPU
		{D70FDC40-7CA7-4FD6-9797-F30AA7816E98}.Release|Any CPU.Build.0 = Release|Any CPU
		{6C97F0AD-017D-4BAB-9EF4-B391F61623E2}.Debug|Any CPU.ActiveCfg = Debug|Any CPU
		{6C97F0AD-017D-4BAB-9EF4-B391F61623E2}.Debug|Any CPU.Build.0 = Debug|Any CPU
		{6C97F0AD-017D-4BAB-9EF4-B391F61623E2}.Release|Any CPU.ActiveCfg = Release|Any CPU
		{6C97F0AD-017D-4BAB-9EF4-B391F61623E2}.Release|Any CPU.Build.0 = Release|Any CPU
		{167465C8-9416-4D48-B0C9-42A34C3527AA}.Debug|Any CPU.ActiveCfg = Debug|Any CPU
		{167465C8-9416-4D48-B0C9-42A34C3527AA}.Debug|Any CPU.Build.0 = Debug|Any CPU
		{167465C8-9416-4D48-B0C9-42A34C3527AA}.Release|Any CPU.ActiveCfg = Release|Any CPU
		{167465C8-9416-4D48-B0C9-42A34C3527AA}.Release|Any CPU.Build.0 = Release|Any CPU
		{D39F12C7-1FDD-4084-BC77-1057FE255612}.Debug|Any CPU.ActiveCfg = Debug|Any CPU
		{D39F12C7-1FDD-4084-BC77-1057FE255612}.Debug|Any CPU.Build.0 = Debug|Any CPU
		{D39F12C7-1FDD-4084-BC77-1057FE255612}.Release|Any CPU.ActiveCfg = Release|Any CPU
		{D39F12C7-1FDD-4084-BC77-1057FE255612}.Release|Any CPU.Build.0 = Release|Any CPU
		{BDA585FE-BD37-4A97-BCF6-135C140DB765}.Debug|Any CPU.ActiveCfg = Debug|Any CPU
		{BDA585FE-BD37-4A97-BCF6-135C140DB765}.Debug|Any CPU.Build.0 = Debug|Any CPU
		{BDA585FE-BD37-4A97-BCF6-135C140DB765}.Release|Any CPU.ActiveCfg = Release|Any CPU
		{BDA585FE-BD37-4A97-BCF6-135C140DB765}.Release|Any CPU.Build.0 = Release|Any CPU
		{FFC8C320-CA53-4110-BF2C-0D9957069999}.Debug|Any CPU.ActiveCfg = Debug|Any CPU
		{FFC8C320-CA53-4110-BF2C-0D9957069999}.Debug|Any CPU.Build.0 = Debug|Any CPU
		{FFC8C320-CA53-4110-BF2C-0D9957069999}.Release|Any CPU.ActiveCfg = Release|Any CPU
		{FFC8C320-CA53-4110-BF2C-0D9957069999}.Release|Any CPU.Build.0 = Release|Any CPU
		{9B1D76C7-0A57-455C-8293-B4571F91508D}.Debug|Any CPU.ActiveCfg = Debug|Any CPU
		{9B1D76C7-0A57-455C-8293-B4571F91508D}.Debug|Any CPU.Build.0 = Debug|Any CPU
		{9B1D76C7-0A57-455C-8293-B4571F91508D}.Release|Any CPU.ActiveCfg = Release|Any CPU
		{9B1D76C7-0A57-455C-8293-B4571F91508D}.Release|Any CPU.Build.0 = Release|Any CPU
		{B6959D92-F5A9-4764-A68B-E5D38D3253BE}.Debug|Any CPU.ActiveCfg = Debug|Any CPU
		{B6959D92-F5A9-4764-A68B-E5D38D3253BE}.Debug|Any CPU.Build.0 = Debug|Any CPU
		{B6959D92-F5A9-4764-A68B-E5D38D3253BE}.Release|Any CPU.ActiveCfg = Release|Any CPU
		{B6959D92-F5A9-4764-A68B-E5D38D3253BE}.Release|Any CPU.Build.0 = Release|Any CPU
		{4646588D-EF28-457B-88AE-BCEE82CE53FA}.Debug|Any CPU.ActiveCfg = Debug|Any CPU
		{4646588D-EF28-457B-88AE-BCEE82CE53FA}.Debug|Any CPU.Build.0 = Debug|Any CPU
		{4646588D-EF28-457B-88AE-BCEE82CE53FA}.Release|Any CPU.ActiveCfg = Release|Any CPU
		{4646588D-EF28-457B-88AE-BCEE82CE53FA}.Release|Any CPU.Build.0 = Release|Any CPU
		{829A6EC4-F4A3-4A79-BA0F-97DD3CC8F94C}.Debug|Any CPU.ActiveCfg = Debug|Any CPU
		{829A6EC4-F4A3-4A79-BA0F-97DD3CC8F94C}.Debug|Any CPU.Build.0 = Debug|Any CPU
		{829A6EC4-F4A3-4A79-BA0F-97DD3CC8F94C}.Release|Any CPU.ActiveCfg = Release|Any CPU
		{829A6EC4-F4A3-4A79-BA0F-97DD3CC8F94C}.Release|Any CPU.Build.0 = Release|Any CPU
		{E20C8941-C5DC-4DDE-810C-B24CC97CC5D4}.Debug|Any CPU.ActiveCfg = Debug|Any CPU
		{E20C8941-C5DC-4DDE-810C-B24CC97CC5D4}.Debug|Any CPU.Build.0 = Debug|Any CPU
		{E20C8941-C5DC-4DDE-810C-B24CC97CC5D4}.Release|Any CPU.ActiveCfg = Release|Any CPU
		{E20C8941-C5DC-4DDE-810C-B24CC97CC5D4}.Release|Any CPU.Build.0 = Release|Any CPU
	EndGlobalSection
	GlobalSection(SolutionProperties) = preSolution
		HideSolutionNode = FALSE
	EndGlobalSection
	GlobalSection(NestedProjects) = preSolution
		{34CB1802-7182-4C5C-BA15-3AEA96142C90} = {4D88C460-BB82-4EB6-B2C1-CDAB6DA96E5C}
		{D70FDC40-7CA7-4FD6-9797-F30AA7816E98} = {210E7657-F4C9-46CC-9A64-8FE511BA79F7}
		{6C97F0AD-017D-4BAB-9EF4-B391F61623E2} = {602B35E7-0EDD-4377-850F-C330334ECF1B}
		{167465C8-9416-4D48-B0C9-42A34C3527AA} = {602B35E7-0EDD-4377-850F-C330334ECF1B}
		{D39F12C7-1FDD-4084-BC77-1057FE255612} = {602B35E7-0EDD-4377-850F-C330334ECF1B}
		{BDA585FE-BD37-4A97-BCF6-135C140DB765} = {602B35E7-0EDD-4377-850F-C330334ECF1B}
		{FFC8C320-CA53-4110-BF2C-0D9957069999} = {2DA4821B-F701-4FB4-82BF-77F83A2A16B5}
		{9B1D76C7-0A57-455C-8293-B4571F91508D} = {2DA4821B-F701-4FB4-82BF-77F83A2A16B5}
		{B6959D92-F5A9-4764-A68B-E5D38D3253BE} = {2DA4821B-F701-4FB4-82BF-77F83A2A16B5}
		{4646588D-EF28-457B-88AE-BCEE82CE53FA} = {2DA4821B-F701-4FB4-82BF-77F83A2A16B5}
		{829A6EC4-F4A3-4A79-BA0F-97DD3CC8F94C} = {2DA4821B-F701-4FB4-82BF-77F83A2A16B5}
		{E20C8941-C5DC-4DDE-810C-B24CC97CC5D4} = {602B35E7-0EDD-4377-850F-C330334ECF1B}
	EndGlobalSection
	GlobalSection(ExtensibilityGlobals) = postSolution
		SolutionGuid = {2E6925CD-357D-4665-BDA3-04618AD3E9B9}
	EndGlobalSection
EndGlobal
